// !$*UTF8*$!
{
	archiveVersion = 1;
	classes = {
	};
	objectVersion = 51;
	objects = {

/* Begin PBXBuildFile section */
		407E85017FB8DC72D7CB801D /* Pods_Password_Manager.framework in Frameworks */ = {isa = PBXBuildFile; fileRef = 224641B5A7E9560589222A7A /* Pods_Password_Manager.framework */; };
		94B55C923105F9F8536F23E7 /* Pods_AutoFillExtension.framework in Frameworks */ = {isa = PBXBuildFile; fileRef = 950BBD2FA8A4AA90F67544FC /* Pods_AutoFillExtension.framework */; };
		F005DFD22683363200099DD6 /* Password.swift in Sources */ = {isa = PBXBuildFile; fileRef = F005DFD12683363200099DD6 /* Password.swift */; };
		F005DFE526835D9400099DD6 /* Password.swift in Sources */ = {isa = PBXBuildFile; fileRef = F005DFD12683363200099DD6 /* Password.swift */; };
		F0091E94268B188700C8764F /* ASCredentialServiceIdentifier+Domain.swift in Sources */ = {isa = PBXBuildFile; fileRef = F0091E93268B188700C8764F /* ASCredentialServiceIdentifier+Domain.swift */; };
		F0091E98268B18FC00C8764F /* PasscodeViewController.swift in Sources */ = {isa = PBXBuildFile; fileRef = F0091E97268B18FC00C8764F /* PasscodeViewController.swift */; };
		F0091EED268B71C200C8764F /* MainInterface.storyboard in Resources */ = {isa = PBXBuildFile; fileRef = F0091EEC268B71C200C8764F /* MainInterface.storyboard */; };
		F02BF8A72697408C00C0714A /* LoadingViewController.swift in Sources */ = {isa = PBXBuildFile; fileRef = F02BF8A62697408C00C0714A /* LoadingViewController.swift */; };
		F0419AC62698715B005057F7 /* RemoteConfigHandler.swift in Sources */ = {isa = PBXBuildFile; fileRef = F0419AC52698715B005057F7 /* RemoteConfigHandler.swift */; };
		F0419ACC26987185005057F7 /* RemoteConfigDefaults.plist in Resources */ = {isa = PBXBuildFile; fileRef = F0419ACB26987185005057F7 /* RemoteConfigDefaults.plist */; };
		F0419AD026987197005057F7 /* Reachability.swift in Sources */ = {isa = PBXBuildFile; fileRef = F0419ACF26987197005057F7 /* Reachability.swift */; };
		F0419AD4269871AD005057F7 /* InAppHandler.swift in Sources */ = {isa = PBXBuildFile; fileRef = F0419AD3269871AD005057F7 /* InAppHandler.swift */; };
		F0419AD8269872AF005057F7 /* UserData.swift in Sources */ = {isa = PBXBuildFile; fileRef = F0419AD7269872AF005057F7 /* UserData.swift */; };
		F0419ADC269872F1005057F7 /* GoogleService-Info.plist in Resources */ = {isa = PBXBuildFile; fileRef = F0419ADB269872F1005057F7 /* GoogleService-Info.plist */; };
		F0419AE126987CE9005057F7 /* WelcomeViewController.swift in Sources */ = {isa = PBXBuildFile; fileRef = F0419AE026987CE9005057F7 /* WelcomeViewController.swift */; };
		F0419AE626987E93005057F7 /* Coordinator.swift in Sources */ = {isa = PBXBuildFile; fileRef = F0419AE526987E93005057F7 /* Coordinator.swift */; };
		F0419AEA26987E9A005057F7 /* MainCoordinator.swift in Sources */ = {isa = PBXBuildFile; fileRef = F0419AE926987E9A005057F7 /* MainCoordinator.swift */; };
		F0419AEE2698801E005057F7 /* Storyboarded.swift in Sources */ = {isa = PBXBuildFile; fileRef = F0419AED2698801E005057F7 /* Storyboarded.swift */; };
		F0419AF226988108005057F7 /* VibratorEngine.swift in Sources */ = {isa = PBXBuildFile; fileRef = F0419AF126988108005057F7 /* VibratorEngine.swift */; };
		F0419AF626988792005057F7 /* lf20_rpr0qbbn.json in Resources */ = {isa = PBXBuildFile; fileRef = F0419AF526988792005057F7 /* lf20_rpr0qbbn.json */; };
		F0419AFA2698891D005057F7 /* 9068-password.json in Resources */ = {isa = PBXBuildFile; fileRef = F0419AF92698891D005057F7 /* 9068-password.json */; };
		F0419AFE26988AE8005057F7 /* UIView+extension.swift in Sources */ = {isa = PBXBuildFile; fileRef = F0419AFD26988AE8005057F7 /* UIView+extension.swift */; };
		F04C6B7B269307C500F44830 /* PasswordNavigationViewController.swift in Sources */ = {isa = PBXBuildFile; fileRef = F04C6B7A269307C500F44830 /* PasswordNavigationViewController.swift */; };
		F080825F2682376F00A5A94C /* AuthenticationServices.framework in Frameworks */ = {isa = PBXBuildFile; fileRef = F080825E2682376F00A5A94C /* AuthenticationServices.framework */; };
		F08082622682376F00A5A94C /* CredentialProviderViewController.swift in Sources */ = {isa = PBXBuildFile; fileRef = F08082612682376F00A5A94C /* CredentialProviderViewController.swift */; };
		F080826A2682376F00A5A94C /* AutoFillExtension.appex in Embed App Extensions */ = {isa = PBXBuildFile; fileRef = F080825D2682376F00A5A94C /* AutoFillExtension.appex */; settings = {ATTRIBUTES = (RemoveHeadersOnCopy, ); }; };
		F080827B2682393800A5A94C /* AuthenticationServices.framework in Frameworks */ = {isa = PBXBuildFile; fileRef = F080825E2682376F00A5A94C /* AuthenticationServices.framework */; };
		F08082862682502300A5A94C /* PasscodeField.swift in Sources */ = {isa = PBXBuildFile; fileRef = F08082852682502300A5A94C /* PasscodeField.swift */; };
		F080828E268250CC00A5A94C /* QuickTypeManager.swift in Sources */ = {isa = PBXBuildFile; fileRef = F080828D268250CC00A5A94C /* QuickTypeManager.swift */; };
		F0808293268250DB00A5A94C /* ASPasswordCredentialIdentity+PasswordItem.swift in Sources */ = {isa = PBXBuildFile; fileRef = F0808291268250DB00A5A94C /* ASPasswordCredentialIdentity+PasswordItem.swift */; };
		F0808294268250DB00A5A94C /* ASPasswordCredential+PasswordItem.swift in Sources */ = {isa = PBXBuildFile; fileRef = F0808292268250DB00A5A94C /* ASPasswordCredential+PasswordItem.swift */; };
		F080829C268250FF00A5A94C /* UserDefaults+AppGroup.swift in Sources */ = {isa = PBXBuildFile; fileRef = F080829B268250FF00A5A94C /* UserDefaults+AppGroup.swift */; };
		F08082A2268252E000A5A94C /* PasscodeField.swift in Sources */ = {isa = PBXBuildFile; fileRef = F08082852682502300A5A94C /* PasscodeField.swift */; };
		F08082A3268252E200A5A94C /* QuickTypeManager.swift in Sources */ = {isa = PBXBuildFile; fileRef = F080828D268250CC00A5A94C /* QuickTypeManager.swift */; };
		F08082A6268252E400A5A94C /* ASPasswordCredential+PasswordItem.swift in Sources */ = {isa = PBXBuildFile; fileRef = F0808292268250DB00A5A94C /* ASPasswordCredential+PasswordItem.swift */; };
		F08082A9268252E600A5A94C /* ASPasswordCredentialIdentity+PasswordItem.swift in Sources */ = {isa = PBXBuildFile; fileRef = F0808291268250DB00A5A94C /* ASPasswordCredentialIdentity+PasswordItem.swift */; };
		F08082AF268252EB00A5A94C /* UserDefaults+AppGroup.swift in Sources */ = {isa = PBXBuildFile; fileRef = F080829B268250FF00A5A94C /* UserDefaults+AppGroup.swift */; };
		F089D8CC268F5E2600CCE161 /* PasscodeViewController.swift in Sources */ = {isa = PBXBuildFile; fileRef = F0091E97268B18FC00C8764F /* PasscodeViewController.swift */; };
		F08FEFF2268F3CF20035909B /* CustomTabbarViewController.swift in Sources */ = {isa = PBXBuildFile; fileRef = F08FEFF1268F3CF20035909B /* CustomTabbarViewController.swift */; };
		F08FEFF8268F3E150035909B /* Helper.swift in Sources */ = {isa = PBXBuildFile; fileRef = F08FEFF7268F3E150035909B /* Helper.swift */; };
		F08FEFFC268F3F600035909B /* VaultNavigationViewController.swift in Sources */ = {isa = PBXBuildFile; fileRef = F08FEFFB268F3F600035909B /* VaultNavigationViewController.swift */; };
		F08FF000268F46300035909B /* SettingsNavigationViewController.swift in Sources */ = {isa = PBXBuildFile; fileRef = F08FEFFF268F46300035909B /* SettingsNavigationViewController.swift */; };
		F08FF00A268F4D8B0035909B /* SettingsTableViewController.swift in Sources */ = {isa = PBXBuildFile; fileRef = F08FF009268F4D8B0035909B /* SettingsTableViewController.swift */; };
		F0C03EDE2689C24A00579BCB /* KeychainAccess.framework in Frameworks */ = {isa = PBXBuildFile; fileRef = F0C03EDD2689C24A00579BCB /* KeychainAccess.framework */; };
		F0C03EEC2689C73600579BCB /* PasswordSingletone.swift in Sources */ = {isa = PBXBuildFile; fileRef = F0C03EEB2689C73600579BCB /* PasswordSingletone.swift */; };
		F0C03EED2689C73600579BCB /* PasswordSingletone.swift in Sources */ = {isa = PBXBuildFile; fileRef = F0C03EEB2689C73600579BCB /* PasswordSingletone.swift */; };
		F0EB6A522680C963006F4101 /* AppDelegate.swift in Sources */ = {isa = PBXBuildFile; fileRef = F0EB6A512680C963006F4101 /* AppDelegate.swift */; };
		F0EB6A542680C963006F4101 /* SceneDelegate.swift in Sources */ = {isa = PBXBuildFile; fileRef = F0EB6A532680C963006F4101 /* SceneDelegate.swift */; };
		F0EB6A592680C963006F4101 /* Main.storyboard in Resources */ = {isa = PBXBuildFile; fileRef = F0EB6A572680C963006F4101 /* Main.storyboard */; };
		F0EB6A5B2680C965006F4101 /* Assets.xcassets in Resources */ = {isa = PBXBuildFile; fileRef = F0EB6A5A2680C965006F4101 /* Assets.xcassets */; };
		F0EB6A5E2680C965006F4101 /* LaunchScreen.storyboard in Resources */ = {isa = PBXBuildFile; fileRef = F0EB6A5C2680C965006F4101 /* LaunchScreen.storyboard */; };
		F0FBC32B2680CBF700A555A5 /* VaultViewController.swift in Sources */ = {isa = PBXBuildFile; fileRef = F0FBC32A2680CBF700A555A5 /* VaultViewController.swift */; };
		F0FBC3312680CD0E00A555A5 /* PasswordItemTableViewCell.swift in Sources */ = {isa = PBXBuildFile; fileRef = F0FBC3302680CD0E00A555A5 /* PasswordItemTableViewCell.swift */; };
		F0FBC34C2680D0B400A555A5 /* AddPasswordViewController.swift in Sources */ = {isa = PBXBuildFile; fileRef = F0FBC34B2680D0B400A555A5 /* AddPasswordViewController.swift */; };
		F0FBC3682680E2DD00A555A5 /* Constants.swift in Sources */ = {isa = PBXBuildFile; fileRef = F0FBC3672680E2DD00A555A5 /* Constants.swift */; };
		F0FC46782693259500A7EE8D /* AutofillNavigationViewController.swift in Sources */ = {isa = PBXBuildFile; fileRef = F0FC46772693259500A7EE8D /* AutofillNavigationViewController.swift */; };
		F0FC467C2693265300A7EE8D /* AutofillViewController.swift in Sources */ = {isa = PBXBuildFile; fileRef = F0FC467B2693265200A7EE8D /* AutofillViewController.swift */; };
/* End PBXBuildFile section */

/* Begin PBXContainerItemProxy section */
		F08082682682376F00A5A94C /* PBXContainerItemProxy */ = {
			isa = PBXContainerItemProxy;
			containerPortal = F0EB6A462680C963006F4101 /* Project object */;
			proxyType = 1;
			remoteGlobalIDString = F080825C2682376F00A5A94C;
			remoteInfo = AutoFillExtension;
		};
/* End PBXContainerItemProxy section */

/* Begin PBXCopyFilesBuildPhase section */
		F080826B2682376F00A5A94C /* Embed App Extensions */ = {
			isa = PBXCopyFilesBuildPhase;
			buildActionMask = 2147483647;
			dstPath = "";
			dstSubfolderSpec = 13;
			files = (
				F080826A2682376F00A5A94C /* AutoFillExtension.appex in Embed App Extensions */,
			);
			name = "Embed App Extensions";
			runOnlyForDeploymentPostprocessing = 0;
		};
/* End PBXCopyFilesBuildPhase section */

/* Begin PBXFileReference section */
		224641B5A7E9560589222A7A /* Pods_Password_Manager.framework */ = {isa = PBXFileReference; explicitFileType = wrapper.framework; includeInIndex = 0; path = Pods_Password_Manager.framework; sourceTree = BUILT_PRODUCTS_DIR; };
		365243DCA26EDE07693ABB88 /* Pods-AutoFillExtension.debug.xcconfig */ = {isa = PBXFileReference; includeInIndex = 1; lastKnownFileType = text.xcconfig; name = "Pods-AutoFillExtension.debug.xcconfig"; path = "Target Support Files/Pods-AutoFillExtension/Pods-AutoFillExtension.debug.xcconfig"; sourceTree = "<group>"; };
		5E52DB47F8D0DCD7A3F9F94F /* Pods-Password Manager.release.xcconfig */ = {isa = PBXFileReference; includeInIndex = 1; lastKnownFileType = text.xcconfig; name = "Pods-Password Manager.release.xcconfig"; path = "Target Support Files/Pods-Password Manager/Pods-Password Manager.release.xcconfig"; sourceTree = "<group>"; };
		6FBD1D06F1013DBC61BF2690 /* Pods-AutoFillExtension.release.xcconfig */ = {isa = PBXFileReference; includeInIndex = 1; lastKnownFileType = text.xcconfig; name = "Pods-AutoFillExtension.release.xcconfig"; path = "Target Support Files/Pods-AutoFillExtension/Pods-AutoFillExtension.release.xcconfig"; sourceTree = "<group>"; };
		950BBD2FA8A4AA90F67544FC /* Pods_AutoFillExtension.framework */ = {isa = PBXFileReference; explicitFileType = wrapper.framework; includeInIndex = 0; path = Pods_AutoFillExtension.framework; sourceTree = BUILT_PRODUCTS_DIR; };
		AE0BAD18F7ED92EF76C52BC4 /* Pods-Password Manager.debug.xcconfig */ = {isa = PBXFileReference; includeInIndex = 1; lastKnownFileType = text.xcconfig; name = "Pods-Password Manager.debug.xcconfig"; path = "Target Support Files/Pods-Password Manager/Pods-Password Manager.debug.xcconfig"; sourceTree = "<group>"; };
		F005DFD12683363200099DD6 /* Password.swift */ = {isa = PBXFileReference; lastKnownFileType = sourcecode.swift; path = Password.swift; sourceTree = "<group>"; };
		F0091E93268B188700C8764F /* ASCredentialServiceIdentifier+Domain.swift */ = {isa = PBXFileReference; fileEncoding = 4; lastKnownFileType = sourcecode.swift; path = "ASCredentialServiceIdentifier+Domain.swift"; sourceTree = "<group>"; };
		F0091E97268B18FC00C8764F /* PasscodeViewController.swift */ = {isa = PBXFileReference; fileEncoding = 4; lastKnownFileType = sourcecode.swift; path = PasscodeViewController.swift; sourceTree = "<group>"; };
		F0091EEC268B71C200C8764F /* MainInterface.storyboard */ = {isa = PBXFileReference; fileEncoding = 4; lastKnownFileType = file.storyboard; path = MainInterface.storyboard; sourceTree = "<group>"; };
		F02BF8A62697408C00C0714A /* LoadingViewController.swift */ = {isa = PBXFileReference; lastKnownFileType = sourcecode.swift; path = LoadingViewController.swift; sourceTree = "<group>"; };
		F0419AC52698715B005057F7 /* RemoteConfigHandler.swift */ = {isa = PBXFileReference; lastKnownFileType = sourcecode.swift; path = RemoteConfigHandler.swift; sourceTree = "<group>"; };
		F0419ACB26987185005057F7 /* RemoteConfigDefaults.plist */ = {isa = PBXFileReference; fileEncoding = 4; lastKnownFileType = text.plist.xml; path = RemoteConfigDefaults.plist; sourceTree = "<group>"; };
		F0419ACF26987197005057F7 /* Reachability.swift */ = {isa = PBXFileReference; fileEncoding = 4; lastKnownFileType = sourcecode.swift; path = Reachability.swift; sourceTree = "<group>"; };
		F0419AD3269871AD005057F7 /* InAppHandler.swift */ = {isa = PBXFileReference; fileEncoding = 4; lastKnownFileType = sourcecode.swift; path = InAppHandler.swift; sourceTree = "<group>"; };
		F0419AD7269872AF005057F7 /* UserData.swift */ = {isa = PBXFileReference; fileEncoding = 4; lastKnownFileType = sourcecode.swift; path = UserData.swift; sourceTree = "<group>"; };
		F0419ADB269872F1005057F7 /* GoogleService-Info.plist */ = {isa = PBXFileReference; fileEncoding = 4; lastKnownFileType = text.plist.xml; path = "GoogleService-Info.plist"; sourceTree = "<group>"; };
		F0419AE026987CE9005057F7 /* WelcomeViewController.swift */ = {isa = PBXFileReference; fileEncoding = 4; lastKnownFileType = sourcecode.swift; path = WelcomeViewController.swift; sourceTree = "<group>"; };
		F0419AE526987E93005057F7 /* Coordinator.swift */ = {isa = PBXFileReference; fileEncoding = 4; lastKnownFileType = sourcecode.swift; path = Coordinator.swift; sourceTree = "<group>"; };
		F0419AE926987E9A005057F7 /* MainCoordinator.swift */ = {isa = PBXFileReference; fileEncoding = 4; lastKnownFileType = sourcecode.swift; path = MainCoordinator.swift; sourceTree = "<group>"; };
		F0419AED2698801E005057F7 /* Storyboarded.swift */ = {isa = PBXFileReference; fileEncoding = 4; lastKnownFileType = sourcecode.swift; path = Storyboarded.swift; sourceTree = "<group>"; };
		F0419AF126988108005057F7 /* VibratorEngine.swift */ = {isa = PBXFileReference; fileEncoding = 4; lastKnownFileType = sourcecode.swift; path = VibratorEngine.swift; sourceTree = "<group>"; };
		F0419AF526988792005057F7 /* lf20_rpr0qbbn.json */ = {isa = PBXFileReference; fileEncoding = 4; lastKnownFileType = text.json; path = lf20_rpr0qbbn.json; sourceTree = "<group>"; };
		F0419AF92698891D005057F7 /* 9068-password.json */ = {isa = PBXFileReference; fileEncoding = 4; lastKnownFileType = text.json; path = "9068-password.json"; sourceTree = "<group>"; };
		F0419AFD26988AE8005057F7 /* UIView+extension.swift */ = {isa = PBXFileReference; lastKnownFileType = sourcecode.swift; path = "UIView+extension.swift"; sourceTree = "<group>"; };
		F04C6B7A269307C500F44830 /* PasswordNavigationViewController.swift */ = {isa = PBXFileReference; fileEncoding = 4; lastKnownFileType = sourcecode.swift; path = PasswordNavigationViewController.swift; sourceTree = "<group>"; };
		F080825D2682376F00A5A94C /* AutoFillExtension.appex */ = {isa = PBXFileReference; explicitFileType = "wrapper.app-extension"; includeInIndex = 0; path = AutoFillExtension.appex; sourceTree = BUILT_PRODUCTS_DIR; };
		F080825E2682376F00A5A94C /* AuthenticationServices.framework */ = {isa = PBXFileReference; lastKnownFileType = wrapper.framework; name = AuthenticationServices.framework; path = System/Library/Frameworks/AuthenticationServices.framework; sourceTree = SDKROOT; };
		F08082612682376F00A5A94C /* CredentialProviderViewController.swift */ = {isa = PBXFileReference; lastKnownFileType = sourcecode.swift; path = CredentialProviderViewController.swift; sourceTree = "<group>"; };
		F08082662682376F00A5A94C /* Info.plist */ = {isa = PBXFileReference; lastKnownFileType = text.plist.xml; path = Info.plist; sourceTree = "<group>"; };
		F08082672682376F00A5A94C /* AutoFillExtension.entitlements */ = {isa = PBXFileReference; lastKnownFileType = text.plist.entitlements; path = AutoFillExtension.entitlements; sourceTree = "<group>"; };
		F08082852682502300A5A94C /* PasscodeField.swift */ = {isa = PBXFileReference; fileEncoding = 4; lastKnownFileType = sourcecode.swift; path = PasscodeField.swift; sourceTree = "<group>"; };
		F080828D268250CC00A5A94C /* QuickTypeManager.swift */ = {isa = PBXFileReference; fileEncoding = 4; lastKnownFileType = sourcecode.swift; path = QuickTypeManager.swift; sourceTree = "<group>"; };
		F0808291268250DB00A5A94C /* ASPasswordCredentialIdentity+PasswordItem.swift */ = {isa = PBXFileReference; fileEncoding = 4; lastKnownFileType = sourcecode.swift; path = "ASPasswordCredentialIdentity+PasswordItem.swift"; sourceTree = "<group>"; };
		F0808292268250DB00A5A94C /* ASPasswordCredential+PasswordItem.swift */ = {isa = PBXFileReference; fileEncoding = 4; lastKnownFileType = sourcecode.swift; path = "ASPasswordCredential+PasswordItem.swift"; sourceTree = "<group>"; };
		F080829B268250FF00A5A94C /* UserDefaults+AppGroup.swift */ = {isa = PBXFileReference; fileEncoding = 4; lastKnownFileType = sourcecode.swift; path = "UserDefaults+AppGroup.swift"; sourceTree = "<group>"; };
		F08FEFF1268F3CF20035909B /* CustomTabbarViewController.swift */ = {isa = PBXFileReference; lastKnownFileType = sourcecode.swift; path = CustomTabbarViewController.swift; sourceTree = "<group>"; };
		F08FEFF7268F3E150035909B /* Helper.swift */ = {isa = PBXFileReference; fileEncoding = 4; lastKnownFileType = sourcecode.swift; path = Helper.swift; sourceTree = "<group>"; };
		F08FEFFB268F3F600035909B /* VaultNavigationViewController.swift */ = {isa = PBXFileReference; lastKnownFileType = sourcecode.swift; path = VaultNavigationViewController.swift; sourceTree = "<group>"; };
		F08FEFFF268F46300035909B /* SettingsNavigationViewController.swift */ = {isa = PBXFileReference; lastKnownFileType = sourcecode.swift; path = SettingsNavigationViewController.swift; sourceTree = "<group>"; };
		F08FF009268F4D8B0035909B /* SettingsTableViewController.swift */ = {isa = PBXFileReference; lastKnownFileType = sourcecode.swift; path = SettingsTableViewController.swift; sourceTree = "<group>"; };
		F0BC1BE326836A9B003FB40E /* KeychainAccess.framework */ = {isa = PBXFileReference; explicitFileType = wrapper.framework; path = KeychainAccess.framework; sourceTree = BUILT_PRODUCTS_DIR; };
		F0BC1BE826837D02003FB40E /* KeychainAccess.framework */ = {isa = PBXFileReference; explicitFileType = wrapper.framework; path = KeychainAccess.framework; sourceTree = BUILT_PRODUCTS_DIR; };
		F0C03EDD2689C24A00579BCB /* KeychainAccess.framework */ = {isa = PBXFileReference; explicitFileType = wrapper.framework; path = KeychainAccess.framework; sourceTree = BUILT_PRODUCTS_DIR; };
		F0C03EEB2689C73600579BCB /* PasswordSingletone.swift */ = {isa = PBXFileReference; lastKnownFileType = sourcecode.swift; path = PasswordSingletone.swift; sourceTree = "<group>"; };
		F0EB6A4E2680C963006F4101 /* Password Manager.app */ = {isa = PBXFileReference; explicitFileType = wrapper.application; includeInIndex = 0; path = "Password Manager.app"; sourceTree = BUILT_PRODUCTS_DIR; };
		F0EB6A512680C963006F4101 /* AppDelegate.swift */ = {isa = PBXFileReference; lastKnownFileType = sourcecode.swift; path = AppDelegate.swift; sourceTree = "<group>"; };
		F0EB6A532680C963006F4101 /* SceneDelegate.swift */ = {isa = PBXFileReference; lastKnownFileType = sourcecode.swift; path = SceneDelegate.swift; sourceTree = "<group>"; };
		F0EB6A582680C963006F4101 /* Base */ = {isa = PBXFileReference; lastKnownFileType = file.storyboard; name = Base; path = Base.lproj/Main.storyboard; sourceTree = "<group>"; };
		F0EB6A5A2680C965006F4101 /* Assets.xcassets */ = {isa = PBXFileReference; lastKnownFileType = folder.assetcatalog; path = Assets.xcassets; sourceTree = "<group>"; };
		F0EB6A5D2680C965006F4101 /* Base */ = {isa = PBXFileReference; lastKnownFileType = file.storyboard; name = Base; path = Base.lproj/LaunchScreen.storyboard; sourceTree = "<group>"; };
		F0EB6A5F2680C965006F4101 /* Info.plist */ = {isa = PBXFileReference; lastKnownFileType = text.plist.xml; path = Info.plist; sourceTree = "<group>"; };
		F0FBC32A2680CBF700A555A5 /* VaultViewController.swift */ = {isa = PBXFileReference; lastKnownFileType = sourcecode.swift; path = VaultViewController.swift; sourceTree = "<group>"; };
		F0FBC3302680CD0E00A555A5 /* PasswordItemTableViewCell.swift */ = {isa = PBXFileReference; lastKnownFileType = sourcecode.swift; path = PasswordItemTableViewCell.swift; sourceTree = "<group>"; };
		F0FBC34B2680D0B400A555A5 /* AddPasswordViewController.swift */ = {isa = PBXFileReference; lastKnownFileType = sourcecode.swift; path = AddPasswordViewController.swift; sourceTree = "<group>"; };
		F0FBC3672680E2DD00A555A5 /* Constants.swift */ = {isa = PBXFileReference; lastKnownFileType = sourcecode.swift; path = Constants.swift; sourceTree = "<group>"; };
		F0FBC36B2680E8E100A555A5 /* Password Manager.entitlements */ = {isa = PBXFileReference; lastKnownFileType = text.plist.entitlements; path = "Password Manager.entitlements"; sourceTree = "<group>"; };
		F0FC46772693259500A7EE8D /* AutofillNavigationViewController.swift */ = {isa = PBXFileReference; lastKnownFileType = sourcecode.swift; path = AutofillNavigationViewController.swift; sourceTree = "<group>"; };
		F0FC467B2693265200A7EE8D /* AutofillViewController.swift */ = {isa = PBXFileReference; lastKnownFileType = sourcecode.swift; path = AutofillViewController.swift; sourceTree = "<group>"; };
/* End PBXFileReference section */

/* Begin PBXFrameworksBuildPhase section */
		F080825A2682376F00A5A94C /* Frameworks */ = {
			isa = PBXFrameworksBuildPhase;
			buildActionMask = 2147483647;
			files = (
				F0C03EDE2689C24A00579BCB /* KeychainAccess.framework in Frameworks */,
				F080825F2682376F00A5A94C /* AuthenticationServices.framework in Frameworks */,
				94B55C923105F9F8536F23E7 /* Pods_AutoFillExtension.framework in Frameworks */,
			);
			runOnlyForDeploymentPostprocessing = 0;
		};
		F0EB6A4B2680C963006F4101 /* Frameworks */ = {
			isa = PBXFrameworksBuildPhase;
			buildActionMask = 2147483647;
			files = (
				F080827B2682393800A5A94C /* AuthenticationServices.framework in Frameworks */,
				407E85017FB8DC72D7CB801D /* Pods_Password_Manager.framework in Frameworks */,
			);
			runOnlyForDeploymentPostprocessing = 0;
		};
/* End PBXFrameworksBuildPhase section */

/* Begin PBXGroup section */
		3A772CE866C53476D39A9DE8 /* Pods */ = {
			isa = PBXGroup;
			children = (
				AE0BAD18F7ED92EF76C52BC4 /* Pods-Password Manager.debug.xcconfig */,
				5E52DB47F8D0DCD7A3F9F94F /* Pods-Password Manager.release.xcconfig */,
				365243DCA26EDE07693ABB88 /* Pods-AutoFillExtension.debug.xcconfig */,
				6FBD1D06F1013DBC61BF2690 /* Pods-AutoFillExtension.release.xcconfig */,
			);
			path = Pods;
			sourceTree = "<group>";
		};
		631CFF21D978DD84758D06A8 /* Frameworks */ = {
			isa = PBXGroup;
			children = (
				F0C03EDD2689C24A00579BCB /* KeychainAccess.framework */,
				F0BC1BE826837D02003FB40E /* KeychainAccess.framework */,
				F0BC1BE326836A9B003FB40E /* KeychainAccess.framework */,
				224641B5A7E9560589222A7A /* Pods_Password_Manager.framework */,
				F080825E2682376F00A5A94C /* AuthenticationServices.framework */,
				950BBD2FA8A4AA90F67544FC /* Pods_AutoFillExtension.framework */,
			);
			name = Frameworks;
			sourceTree = "<group>";
		};
		F0419ADF26987C6F005057F7 /* Onboarding */ = {
			isa = PBXGroup;
			children = (
				F0419AE026987CE9005057F7 /* WelcomeViewController.swift */,
			);
			path = Onboarding;
			sourceTree = "<group>";
		};
		F0419AE426987E88005057F7 /* Coordinator */ = {
			isa = PBXGroup;
			children = (
				F0419AED2698801E005057F7 /* Storyboarded.swift */,
				F0419AE926987E9A005057F7 /* MainCoordinator.swift */,
				F0419AE526987E93005057F7 /* Coordinator.swift */,
			);
			path = Coordinator;
			sourceTree = "<group>";
		};
		F08082602682376F00A5A94C /* AutoFillExtension */ = {
			isa = PBXGroup;
			children = (
				F0091EEC268B71C200C8764F /* MainInterface.storyboard */,
				F08082612682376F00A5A94C /* CredentialProviderViewController.swift */,
				F0091E97268B18FC00C8764F /* PasscodeViewController.swift */,
				F0091E93268B188700C8764F /* ASCredentialServiceIdentifier+Domain.swift */,
				F08082662682376F00A5A94C /* Info.plist */,
				F08082672682376F00A5A94C /* AutoFillExtension.entitlements */,
			);
			path = AutoFillExtension;
			sourceTree = "<group>";
		};
		F080828426824FB700A5A94C /* Shared Modules */ = {
			isa = PBXGroup;
			children = (
				F0C03EEB2689C73600579BCB /* PasswordSingletone.swift */,
				F080828D268250CC00A5A94C /* QuickTypeManager.swift */,
				F005DFD12683363200099DD6 /* Password.swift */,
				F08082852682502300A5A94C /* PasscodeField.swift */,
				F0808292268250DB00A5A94C /* ASPasswordCredential+PasswordItem.swift */,
				F0808291268250DB00A5A94C /* ASPasswordCredentialIdentity+PasswordItem.swift */,
				F080829B268250FF00A5A94C /* UserDefaults+AppGroup.swift */,
			);
			path = "Shared Modules";
			sourceTree = "<group>";
		};
		F08FEFF0268F3CC40035909B /* Onboarding & Navigation */ = {
			isa = PBXGroup;
			children = (
				F08FEFF1268F3CF20035909B /* CustomTabbarViewController.swift */,
				F04C6B7A269307C500F44830 /* PasswordNavigationViewController.swift */,
				F08FEFFB268F3F600035909B /* VaultNavigationViewController.swift */,
				F08FEFFF268F46300035909B /* SettingsNavigationViewController.swift */,
				F0FC46772693259500A7EE8D /* AutofillNavigationViewController.swift */,
			);
			path = "Onboarding & Navigation";
			sourceTree = "<group>";
		};
		F0C03F0F268A1C2100579BCB /* Resources */ = {
			isa = PBXGroup;
			children = (
				F0EB6A572680C963006F4101 /* Main.storyboard */,
				F0419AE426987E88005057F7 /* Coordinator */,
				F0419AF92698891D005057F7 /* 9068-password.json */,
				F0419AF526988792005057F7 /* lf20_rpr0qbbn.json */,
				F0419AF126988108005057F7 /* VibratorEngine.swift */,
				F0419ADB269872F1005057F7 /* GoogleService-Info.plist */,
				F0419AD7269872AF005057F7 /* UserData.swift */,
				F0419AD3269871AD005057F7 /* InAppHandler.swift */,
				F0419ACF26987197005057F7 /* Reachability.swift */,
				F0419ACB26987185005057F7 /* RemoteConfigDefaults.plist */,
				F0419AC52698715B005057F7 /* RemoteConfigHandler.swift */,
				F08FEFF7268F3E150035909B /* Helper.swift */,
				F0EB6A5C2680C965006F4101 /* LaunchScreen.storyboard */,
				F0EB6A5A2680C965006F4101 /* Assets.xcassets */,
				F0FBC3672680E2DD00A555A5 /* Constants.swift */,
				F0EB6A532680C963006F4101 /* SceneDelegate.swift */,
				F0419AFD26988AE8005057F7 /* UIView+extension.swift */,
			);
			path = Resources;
			sourceTree = "<group>";
		};
		F0EB6A452680C963006F4101 = {
			isa = PBXGroup;
			children = (
				F0EB6A502680C963006F4101 /* Password Manager */,
				F08082602682376F00A5A94C /* AutoFillExtension */,
				F0EB6A4F2680C963006F4101 /* Products */,
				3A772CE866C53476D39A9DE8 /* Pods */,
				631CFF21D978DD84758D06A8 /* Frameworks */,
			);
			sourceTree = "<group>";
		};
		F0EB6A4F2680C963006F4101 /* Products */ = {
			isa = PBXGroup;
			children = (
				F0EB6A4E2680C963006F4101 /* Password Manager.app */,
				F080825D2682376F00A5A94C /* AutoFillExtension.appex */,
			);
			name = Products;
			sourceTree = "<group>";
		};
		F0EB6A502680C963006F4101 /* Password Manager */ = {
			isa = PBXGroup;
			children = (
				F0FBC36B2680E8E100A555A5 /* Password Manager.entitlements */,
				F0EB6A5F2680C965006F4101 /* Info.plist */,
				F0EB6A512680C963006F4101 /* AppDelegate.swift */,
				F08FEFF0268F3CC40035909B /* Onboarding & Navigation */,
				F0FBC3292680CBC500A555A5 /* ViewControllers */,
				F080828426824FB700A5A94C /* Shared Modules */,
				F0C03F0F268A1C2100579BCB /* Resources */,
				F0FBC32F2680CD0000A555A5 /* Views */,
			);
			path = "Password Manager";
			sourceTree = "<group>";
		};
		F0FBC3292680CBC500A555A5 /* ViewControllers */ = {
			isa = PBXGroup;
			children = (
				F0419ADF26987C6F005057F7 /* Onboarding */,
				F0FBC32A2680CBF700A555A5 /* VaultViewController.swift */,
				F0FBC34B2680D0B400A555A5 /* AddPasswordViewController.swift */,
				F08FF009268F4D8B0035909B /* SettingsTableViewController.swift */,
				F0FC467B2693265200A7EE8D /* AutofillViewController.swift */,
				F02BF8A62697408C00C0714A /* LoadingViewController.swift */,
			);
			path = ViewControllers;
			sourceTree = "<group>";
		};
		F0FBC32F2680CD0000A555A5 /* Views */ = {
			isa = PBXGroup;
			children = (
				F0FBC3302680CD0E00A555A5 /* PasswordItemTableViewCell.swift */,
			);
			path = Views;
			sourceTree = "<group>";
		};
/* End PBXGroup section */

/* Begin PBXNativeTarget section */
		F080825C2682376F00A5A94C /* AutoFillExtension */ = {
			isa = PBXNativeTarget;
			buildConfigurationList = F080826E2682376F00A5A94C /* Build configuration list for PBXNativeTarget "AutoFillExtension" */;
			buildPhases = (
				97A427F2B13A43C74E12B3DE /* [CP] Check Pods Manifest.lock */,
				F08082592682376F00A5A94C /* Sources */,
				F080825A2682376F00A5A94C /* Frameworks */,
				F080825B2682376F00A5A94C /* Resources */,
			);
			buildRules = (
			);
			dependencies = (
			);
			name = AutoFillExtension;
			productName = AutoFillExtension;
			productReference = F080825D2682376F00A5A94C /* AutoFillExtension.appex */;
			productType = "com.apple.product-type.app-extension";
		};
		F0EB6A4D2680C963006F4101 /* Password Manager */ = {
			isa = PBXNativeTarget;
			buildConfigurationList = F0EB6A622680C965006F4101 /* Build configuration list for PBXNativeTarget "Password Manager" */;
			buildPhases = (
				81425BCAF53AFFD27D3F65D4 /* [CP] Check Pods Manifest.lock */,
				F0EB6A4A2680C963006F4101 /* Sources */,
				F0EB6A4B2680C963006F4101 /* Frameworks */,
				F0EB6A4C2680C963006F4101 /* Resources */,
				8AAA3F5AC4E1FEC29F4FC06F /* [CP] Embed Pods Frameworks */,
				F080826B2682376F00A5A94C /* Embed App Extensions */,
			);
			buildRules = (
			);
			dependencies = (
				F08082692682376F00A5A94C /* PBXTargetDependency */,
			);
			name = "Password Manager";
			productName = "Password Manager";
			productReference = F0EB6A4E2680C963006F4101 /* Password Manager.app */;
			productType = "com.apple.product-type.application";
		};
/* End PBXNativeTarget section */

/* Begin PBXProject section */
		F0EB6A462680C963006F4101 /* Project object */ = {
			isa = PBXProject;
			attributes = {
				LastSwiftUpdateCheck = 1210;
				LastUpgradeCheck = 1210;
				TargetAttributes = {
					F080825C2682376F00A5A94C = {
						CreatedOnToolsVersion = 12.1;
					};
					F0EB6A4D2680C963006F4101 = {
						CreatedOnToolsVersion = 12.1;
					};
				};
			};
			buildConfigurationList = F0EB6A492680C963006F4101 /* Build configuration list for PBXProject "Password Manager" */;
			compatibilityVersion = "Xcode 9.3";
			developmentRegion = en;
			hasScannedForEncodings = 0;
			knownRegions = (
				en,
				Base,
			);
			mainGroup = F0EB6A452680C963006F4101;
			productRefGroup = F0EB6A4F2680C963006F4101 /* Products */;
			projectDirPath = "";
			projectRoot = "";
			targets = (
				F0EB6A4D2680C963006F4101 /* Password Manager */,
				F080825C2682376F00A5A94C /* AutoFillExtension */,
			);
		};
/* End PBXProject section */

/* Begin PBXResourcesBuildPhase section */
		F080825B2682376F00A5A94C /* Resources */ = {
			isa = PBXResourcesBuildPhase;
			buildActionMask = 2147483647;
			files = (
				F0091EED268B71C200C8764F /* MainInterface.storyboard in Resources */,
			);
			runOnlyForDeploymentPostprocessing = 0;
		};
		F0EB6A4C2680C963006F4101 /* Resources */ = {
			isa = PBXResourcesBuildPhase;
			buildActionMask = 2147483647;
			files = (
				F0419AFA2698891D005057F7 /* 9068-password.json in Resources */,
				F0EB6A5E2680C965006F4101 /* LaunchScreen.storyboard in Resources */,
				F0EB6A5B2680C965006F4101 /* Assets.xcassets in Resources */,
				F0419AF626988792005057F7 /* lf20_rpr0qbbn.json in Resources */,
				F0419ADC269872F1005057F7 /* GoogleService-Info.plist in Resources */,
				F0419ACC26987185005057F7 /* RemoteConfigDefaults.plist in Resources */,
				F0EB6A592680C963006F4101 /* Main.storyboard in Resources */,
			);
			runOnlyForDeploymentPostprocessing = 0;
		};
/* End PBXResourcesBuildPhase section */

/* Begin PBXShellScriptBuildPhase section */
		81425BCAF53AFFD27D3F65D4 /* [CP] Check Pods Manifest.lock */ = {
			isa = PBXShellScriptBuildPhase;
			buildActionMask = 2147483647;
			files = (
			);
			inputFileListPaths = (
			);
			inputPaths = (
				"${PODS_PODFILE_DIR_PATH}/Podfile.lock",
				"${PODS_ROOT}/Manifest.lock",
			);
			name = "[CP] Check Pods Manifest.lock";
			outputFileListPaths = (
			);
			outputPaths = (
				"$(DERIVED_FILE_DIR)/Pods-Password Manager-checkManifestLockResult.txt",
			);
			runOnlyForDeploymentPostprocessing = 0;
			shellPath = /bin/sh;
			shellScript = "diff \"${PODS_PODFILE_DIR_PATH}/Podfile.lock\" \"${PODS_ROOT}/Manifest.lock\" > /dev/null\nif [ $? != 0 ] ; then\n    # print error to STDERR\n    echo \"error: The sandbox is not in sync with the Podfile.lock. Run 'pod install' or update your CocoaPods installation.\" >&2\n    exit 1\nfi\n# This output is used by Xcode 'outputs' to avoid re-running this script phase.\necho \"SUCCESS\" > \"${SCRIPT_OUTPUT_FILE_0}\"\n";
			showEnvVarsInLog = 0;
		};
		8AAA3F5AC4E1FEC29F4FC06F /* [CP] Embed Pods Frameworks */ = {
			isa = PBXShellScriptBuildPhase;
			buildActionMask = 2147483647;
			files = (
			);
			inputFileListPaths = (
				"${PODS_ROOT}/Target Support Files/Pods-Password Manager/Pods-Password Manager-frameworks-${CONFIGURATION}-input-files.xcfilelist",
			);
			name = "[CP] Embed Pods Frameworks";
			outputFileListPaths = (
				"${PODS_ROOT}/Target Support Files/Pods-Password Manager/Pods-Password Manager-frameworks-${CONFIGURATION}-output-files.xcfilelist",
			);
			runOnlyForDeploymentPostprocessing = 0;
			shellPath = /bin/sh;
			shellScript = "\"${PODS_ROOT}/Target Support Files/Pods-Password Manager/Pods-Password Manager-frameworks.sh\"\n";
			showEnvVarsInLog = 0;
		};
		97A427F2B13A43C74E12B3DE /* [CP] Check Pods Manifest.lock */ = {
			isa = PBXShellScriptBuildPhase;
			buildActionMask = 2147483647;
			files = (
			);
			inputFileListPaths = (
			);
			inputPaths = (
				"${PODS_PODFILE_DIR_PATH}/Podfile.lock",
				"${PODS_ROOT}/Manifest.lock",
			);
			name = "[CP] Check Pods Manifest.lock";
			outputFileListPaths = (
			);
			outputPaths = (
				"$(DERIVED_FILE_DIR)/Pods-AutoFillExtension-checkManifestLockResult.txt",
			);
			runOnlyForDeploymentPostprocessing = 0;
			shellPath = /bin/sh;
			shellScript = "diff \"${PODS_PODFILE_DIR_PATH}/Podfile.lock\" \"${PODS_ROOT}/Manifest.lock\" > /dev/null\nif [ $? != 0 ] ; then\n    # print error to STDERR\n    echo \"error: The sandbox is not in sync with the Podfile.lock. Run 'pod install' or update your CocoaPods installation.\" >&2\n    exit 1\nfi\n# This output is used by Xcode 'outputs' to avoid re-running this script phase.\necho \"SUCCESS\" > \"${SCRIPT_OUTPUT_FILE_0}\"\n";
			showEnvVarsInLog = 0;
		};
/* End PBXShellScriptBuildPhase section */

/* Begin PBXSourcesBuildPhase section */
		F08082592682376F00A5A94C /* Sources */ = {
			isa = PBXSourcesBuildPhase;
			buildActionMask = 2147483647;
			files = (
				F08082A6268252E400A5A94C /* ASPasswordCredential+PasswordItem.swift in Sources */,
				F0C03EED2689C73600579BCB /* PasswordSingletone.swift in Sources */,
				F0091E98268B18FC00C8764F /* PasscodeViewController.swift in Sources */,
				F08082A9268252E600A5A94C /* ASPasswordCredentialIdentity+PasswordItem.swift in Sources */,
				F08082A2268252E000A5A94C /* PasscodeField.swift in Sources */,
				F005DFE526835D9400099DD6 /* Password.swift in Sources */,
				F08082622682376F00A5A94C /* CredentialProviderViewController.swift in Sources */,
				F08082AF268252EB00A5A94C /* UserDefaults+AppGroup.swift in Sources */,
				F0091E94268B188700C8764F /* ASCredentialServiceIdentifier+Domain.swift in Sources */,
				F08082A3268252E200A5A94C /* QuickTypeManager.swift in Sources */,
			);
			runOnlyForDeploymentPostprocessing = 0;
		};
		F0EB6A4A2680C963006F4101 /* Sources */ = {
			isa = PBXSourcesBuildPhase;
			buildActionMask = 2147483647;
			files = (
				F0808294268250DB00A5A94C /* ASPasswordCredential+PasswordItem.swift in Sources */,
				F0EB6A522680C963006F4101 /* AppDelegate.swift in Sources */,
				F0FBC34C2680D0B400A555A5 /* AddPasswordViewController.swift in Sources */,
				F08082862682502300A5A94C /* PasscodeField.swift in Sources */,
				F0419AC62698715B005057F7 /* RemoteConfigHandler.swift in Sources */,
				F0808293268250DB00A5A94C /* ASPasswordCredentialIdentity+PasswordItem.swift in Sources */,
				F080828E268250CC00A5A94C /* QuickTypeManager.swift in Sources */,
				F0419AD4269871AD005057F7 /* InAppHandler.swift in Sources */,
				F0EB6A542680C963006F4101 /* SceneDelegate.swift in Sources */,
				F08FEFF8268F3E150035909B /* Helper.swift in Sources */,
				F080829C268250FF00A5A94C /* UserDefaults+AppGroup.swift in Sources */,
				F0FBC32B2680CBF700A555A5 /* VaultViewController.swift in Sources */,
				F005DFD22683363200099DD6 /* Password.swift in Sources */,
				F0419AEA26987E9A005057F7 /* MainCoordinator.swift in Sources */,
				F0419AF226988108005057F7 /* VibratorEngine.swift in Sources */,
				F0419AE126987CE9005057F7 /* WelcomeViewController.swift in Sources */,
				F08FF000268F46300035909B /* SettingsNavigationViewController.swift in Sources */,
				F089D8CC268F5E2600CCE161 /* PasscodeViewController.swift in Sources */,
				F02BF8A72697408C00C0714A /* LoadingViewController.swift in Sources */,
				F0FBC3312680CD0E00A555A5 /* PasswordItemTableViewCell.swift in Sources */,
				F0419AE626987E93005057F7 /* Coordinator.swift in Sources */,
				F0419AFE26988AE8005057F7 /* UIView+extension.swift in Sources */,
				F08FEFF2268F3CF20035909B /* CustomTabbarViewController.swift in Sources */,
				F08FF00A268F4D8B0035909B /* SettingsTableViewController.swift in Sources */,
				F08FEFFC268F3F600035909B /* VaultNavigationViewController.swift in Sources */,
				F0C03EEC2689C73600579BCB /* PasswordSingletone.swift in Sources */,
				F0419AEE2698801E005057F7 /* Storyboarded.swift in Sources */,
				F0419AD8269872AF005057F7 /* UserData.swift in Sources */,
				F0FC467C2693265300A7EE8D /* AutofillViewController.swift in Sources */,
				F0FC46782693259500A7EE8D /* AutofillNavigationViewController.swift in Sources */,
				F0FBC3682680E2DD00A555A5 /* Constants.swift in Sources */,
				F0419AD026987197005057F7 /* Reachability.swift in Sources */,
				F04C6B7B269307C500F44830 /* PasswordNavigationViewController.swift in Sources */,
			);
			runOnlyForDeploymentPostprocessing = 0;
		};
/* End PBXSourcesBuildPhase section */

/* Begin PBXTargetDependency section */
		F08082692682376F00A5A94C /* PBXTargetDependency */ = {
			isa = PBXTargetDependency;
			target = F080825C2682376F00A5A94C /* AutoFillExtension */;
			targetProxy = F08082682682376F00A5A94C /* PBXContainerItemProxy */;
		};
/* End PBXTargetDependency section */

/* Begin PBXVariantGroup section */
		F0EB6A572680C963006F4101 /* Main.storyboard */ = {
			isa = PBXVariantGroup;
			children = (
				F0EB6A582680C963006F4101 /* Base */,
			);
			name = Main.storyboard;
			sourceTree = "<group>";
		};
		F0EB6A5C2680C965006F4101 /* LaunchScreen.storyboard */ = {
			isa = PBXVariantGroup;
			children = (
				F0EB6A5D2680C965006F4101 /* Base */,
			);
			name = LaunchScreen.storyboard;
			sourceTree = "<group>";
		};
/* End PBXVariantGroup section */

/* Begin XCBuildConfiguration section */
		F080826C2682376F00A5A94C /* Debug */ = {
			isa = XCBuildConfiguration;
			baseConfigurationReference = 365243DCA26EDE07693ABB88 /* Pods-AutoFillExtension.debug.xcconfig */;
			buildSettings = {
				CODE_SIGN_ENTITLEMENTS = AutoFillExtension/AutoFillExtension.entitlements;
				CODE_SIGN_IDENTITY = "Apple Development: Aliaksei Hurbo (PKXB3SS5RU)";
				CODE_SIGN_STYLE = Manual;
				CURRENT_PROJECT_VERSION = 2;
				DEVELOPMENT_TEAM = W3KLYB8DPV;
				INFOPLIST_FILE = AutoFillExtension/Info.plist;
				IPHONEOS_DEPLOYMENT_TARGET = 14.0;
				LD_RUNPATH_SEARCH_PATHS = (
					"$(inherited)",
					"@executable_path/Frameworks",
					"@executable_path/../../Frameworks",
				);
				PRODUCT_BUNDLE_IDENTIFIER = com.ag.password.saver.AutoFillExtension;
				PRODUCT_NAME = "$(TARGET_NAME)";
				PROVISIONING_PROFILE_SPECIFIER = password.saver.extension.dev;
				SKIP_INSTALL = YES;
				SWIFT_VERSION = 5.0;
				TARGETED_DEVICE_FAMILY = "1,2";
			};
			name = Debug;
		};
		F080826D2682376F00A5A94C /* Release */ = {
			isa = XCBuildConfiguration;
			baseConfigurationReference = 6FBD1D06F1013DBC61BF2690 /* Pods-AutoFillExtension.release.xcconfig */;
			buildSettings = {
				CODE_SIGN_ENTITLEMENTS = AutoFillExtension/AutoFillExtension.entitlements;
				CODE_SIGN_IDENTITY = "Apple Development: Aliaksei Hurbo (PKXB3SS5RU)";
				CODE_SIGN_STYLE = Manual;
				CURRENT_PROJECT_VERSION = 2;
				DEVELOPMENT_TEAM = W3KLYB8DPV;
				INFOPLIST_FILE = AutoFillExtension/Info.plist;
				IPHONEOS_DEPLOYMENT_TARGET = 14.0;
				LD_RUNPATH_SEARCH_PATHS = (
					"$(inherited)",
					"@executable_path/Frameworks",
					"@executable_path/../../Frameworks",
				);
				PRODUCT_BUNDLE_IDENTIFIER = com.ag.password.saver.AutoFillExtension;
				PRODUCT_NAME = "$(TARGET_NAME)";
				PROVISIONING_PROFILE_SPECIFIER = password.saver.extension.dev;
				SKIP_INSTALL = YES;
				SWIFT_VERSION = 5.0;
				TARGETED_DEVICE_FAMILY = "1,2";
			};
			name = Release;
		};
		F0EB6A602680C965006F4101 /* Debug */ = {
			isa = XCBuildConfiguration;
			buildSettings = {
				ALWAYS_SEARCH_USER_PATHS = NO;
				CLANG_ANALYZER_NONNULL = YES;
				CLANG_ANALYZER_NUMBER_OBJECT_CONVERSION = YES_AGGRESSIVE;
				CLANG_CXX_LANGUAGE_STANDARD = "gnu++14";
				CLANG_CXX_LIBRARY = "libc++";
				CLANG_ENABLE_MODULES = YES;
				CLANG_ENABLE_OBJC_ARC = YES;
				CLANG_ENABLE_OBJC_WEAK = YES;
				CLANG_WARN_BLOCK_CAPTURE_AUTORELEASING = YES;
				CLANG_WARN_BOOL_CONVERSION = YES;
				CLANG_WARN_COMMA = YES;
				CLANG_WARN_CONSTANT_CONVERSION = YES;
				CLANG_WARN_DEPRECATED_OBJC_IMPLEMENTATIONS = YES;
				CLANG_WARN_DIRECT_OBJC_ISA_USAGE = YES_ERROR;
				CLANG_WARN_DOCUMENTATION_COMMENTS = YES;
				CLANG_WARN_EMPTY_BODY = YES;
				CLANG_WARN_ENUM_CONVERSION = YES;
				CLANG_WARN_INFINITE_RECURSION = YES;
				CLANG_WARN_INT_CONVERSION = YES;
				CLANG_WARN_NON_LITERAL_NULL_CONVERSION = YES;
				CLANG_WARN_OBJC_IMPLICIT_RETAIN_SELF = YES;
				CLANG_WARN_OBJC_LITERAL_CONVERSION = YES;
				CLANG_WARN_OBJC_ROOT_CLASS = YES_ERROR;
				CLANG_WARN_QUOTED_INCLUDE_IN_FRAMEWORK_HEADER = YES;
				CLANG_WARN_RANGE_LOOP_ANALYSIS = YES;
				CLANG_WARN_STRICT_PROTOTYPES = YES;
				CLANG_WARN_SUSPICIOUS_MOVE = YES;
				CLANG_WARN_UNGUARDED_AVAILABILITY = YES_AGGRESSIVE;
				CLANG_WARN_UNREACHABLE_CODE = YES;
				CLANG_WARN__DUPLICATE_METHOD_MATCH = YES;
				COPY_PHASE_STRIP = NO;
				DEBUG_INFORMATION_FORMAT = dwarf;
				ENABLE_STRICT_OBJC_MSGSEND = YES;
				ENABLE_TESTABILITY = YES;
				GCC_C_LANGUAGE_STANDARD = gnu11;
				GCC_DYNAMIC_NO_PIC = NO;
				GCC_NO_COMMON_BLOCKS = YES;
				GCC_OPTIMIZATION_LEVEL = 0;
				GCC_PREPROCESSOR_DEFINITIONS = (
					"DEBUG=1",
					"$(inherited)",
				);
				GCC_WARN_64_TO_32_BIT_CONVERSION = YES;
				GCC_WARN_ABOUT_RETURN_TYPE = YES_ERROR;
				GCC_WARN_UNDECLARED_SELECTOR = YES;
				GCC_WARN_UNINITIALIZED_AUTOS = YES_AGGRESSIVE;
				GCC_WARN_UNUSED_FUNCTION = YES;
				GCC_WARN_UNUSED_VARIABLE = YES;
				IPHONEOS_DEPLOYMENT_TARGET = 14.1;
				MTL_ENABLE_DEBUG_INFO = INCLUDE_SOURCE;
				MTL_FAST_MATH = YES;
				ONLY_ACTIVE_ARCH = YES;
				SDKROOT = iphoneos;
				SWIFT_ACTIVE_COMPILATION_CONDITIONS = DEBUG;
				SWIFT_OPTIMIZATION_LEVEL = "-Onone";
			};
			name = Debug;
		};
		F0EB6A612680C965006F4101 /* Release */ = {
			isa = XCBuildConfiguration;
			buildSettings = {
				ALWAYS_SEARCH_USER_PATHS = NO;
				CLANG_ANALYZER_NONNULL = YES;
				CLANG_ANALYZER_NUMBER_OBJECT_CONVERSION = YES_AGGRESSIVE;
				CLANG_CXX_LANGUAGE_STANDARD = "gnu++14";
				CLANG_CXX_LIBRARY = "libc++";
				CLANG_ENABLE_MODULES = YES;
				CLANG_ENABLE_OBJC_ARC = YES;
				CLANG_ENABLE_OBJC_WEAK = YES;
				CLANG_WARN_BLOCK_CAPTURE_AUTORELEASING = YES;
				CLANG_WARN_BOOL_CONVERSION = YES;
				CLANG_WARN_COMMA = YES;
				CLANG_WARN_CONSTANT_CONVERSION = YES;
				CLANG_WARN_DEPRECATED_OBJC_IMPLEMENTATIONS = YES;
				CLANG_WARN_DIRECT_OBJC_ISA_USAGE = YES_ERROR;
				CLANG_WARN_DOCUMENTATION_COMMENTS = YES;
				CLANG_WARN_EMPTY_BODY = YES;
				CLANG_WARN_ENUM_CONVERSION = YES;
				CLANG_WARN_INFINITE_RECURSION = YES;
				CLANG_WARN_INT_CONVERSION = YES;
				CLANG_WARN_NON_LITERAL_NULL_CONVERSION = YES;
				CLANG_WARN_OBJC_IMPLICIT_RETAIN_SELF = YES;
				CLANG_WARN_OBJC_LITERAL_CONVERSION = YES;
				CLANG_WARN_OBJC_ROOT_CLASS = YES_ERROR;
				CLANG_WARN_QUOTED_INCLUDE_IN_FRAMEWORK_HEADER = YES;
				CLANG_WARN_RANGE_LOOP_ANALYSIS = YES;
				CLANG_WARN_STRICT_PROTOTYPES = YES;
				CLANG_WARN_SUSPICIOUS_MOVE = YES;
				CLANG_WARN_UNGUARDED_AVAILABILITY = YES_AGGRESSIVE;
				CLANG_WARN_UNREACHABLE_CODE = YES;
				CLANG_WARN__DUPLICATE_METHOD_MATCH = YES;
				COPY_PHASE_STRIP = NO;
				DEBUG_INFORMATION_FORMAT = "dwarf-with-dsym";
				ENABLE_NS_ASSERTIONS = NO;
				ENABLE_STRICT_OBJC_MSGSEND = YES;
				GCC_C_LANGUAGE_STANDARD = gnu11;
				GCC_NO_COMMON_BLOCKS = YES;
				GCC_WARN_64_TO_32_BIT_CONVERSION = YES;
				GCC_WARN_ABOUT_RETURN_TYPE = YES_ERROR;
				GCC_WARN_UNDECLARED_SELECTOR = YES;
				GCC_WARN_UNINITIALIZED_AUTOS = YES_AGGRESSIVE;
				GCC_WARN_UNUSED_FUNCTION = YES;
				GCC_WARN_UNUSED_VARIABLE = YES;
				IPHONEOS_DEPLOYMENT_TARGET = 14.1;
				MTL_ENABLE_DEBUG_INFO = NO;
				MTL_FAST_MATH = YES;
				SDKROOT = iphoneos;
				SWIFT_COMPILATION_MODE = wholemodule;
				SWIFT_OPTIMIZATION_LEVEL = "-O";
				VALIDATE_PRODUCT = YES;
			};
			name = Release;
		};
		F0EB6A632680C965006F4101 /* Debug */ = {
			isa = XCBuildConfiguration;
			baseConfigurationReference = AE0BAD18F7ED92EF76C52BC4 /* Pods-Password Manager.debug.xcconfig */;
			buildSettings = {
				ALWAYS_EMBED_SWIFT_STANDARD_LIBRARIES = YES;
				ASSETCATALOG_COMPILER_APPICON_NAME = AppIcon;
				ASSETCATALOG_COMPILER_GLOBAL_ACCENT_COLOR_NAME = AccentColor;
				CODE_SIGN_ENTITLEMENTS = "Password Manager/Password Manager.entitlements";
				CODE_SIGN_IDENTITY = "Apple Development: Aliaksei Hurbo (PKXB3SS5RU)";
				CODE_SIGN_STYLE = Manual;
				CURRENT_PROJECT_VERSION = 2;
				DEVELOPMENT_TEAM = W3KLYB8DPV;
				INFOPLIST_FILE = "Password Manager/Info.plist";
				IPHONEOS_DEPLOYMENT_TARGET = 14.0;
				LD_RUNPATH_SEARCH_PATHS = (
					"$(inherited)",
					"@executable_path/Frameworks",
				);
				PRODUCT_BUNDLE_IDENTIFIER = com.ag.password.saver;
				PRODUCT_NAME = "$(TARGET_NAME)";
				PROVISIONING_PROFILE_SPECIFIER = password.saver.dev;
				SWIFT_VERSION = 5.0;
				TARGETED_DEVICE_FAMILY = "1,2";
			};
			name = Debug;
		};
		F0EB6A642680C965006F4101 /* Release */ = {
			isa = XCBuildConfiguration;
			baseConfigurationReference = 5E52DB47F8D0DCD7A3F9F94F /* Pods-Password Manager.release.xcconfig */;
			buildSettings = {
				ALWAYS_EMBED_SWIFT_STANDARD_LIBRARIES = YES;
				ASSETCATALOG_COMPILER_APPICON_NAME = AppIcon;
				ASSETCATALOG_COMPILER_GLOBAL_ACCENT_COLOR_NAME = AccentColor;
				CODE_SIGN_ENTITLEMENTS = "Password Manager/Password Manager.entitlements";
				CODE_SIGN_IDENTITY = "Apple Development: Aliaksei Hurbo (PKXB3SS5RU)";
				CODE_SIGN_STYLE = Manual;
				CURRENT_PROJECT_VERSION = 2;
				DEVELOPMENT_TEAM = W3KLYB8DPV;
				INFOPLIST_FILE = "Password Manager/Info.plist";
				IPHONEOS_DEPLOYMENT_TARGET = 14.0;
				LD_RUNPATH_SEARCH_PATHS = (
					"$(inherited)",
					"@executable_path/Frameworks",
				);
				PRODUCT_BUNDLE_IDENTIFIER = com.ag.password.saver;
				PRODUCT_NAME = "$(TARGET_NAME)";
				PROVISIONING_PROFILE_SPECIFIER = password.saver.dev;
				SWIFT_VERSION = 5.0;
				TARGETED_DEVICE_FAMILY = "1,2";
			};
			name = Release;
		};
/* End XCBuildConfiguration section */

/* Begin XCConfigurationList section */
		F080826E2682376F00A5A94C /* Build configuration list for PBXNativeTarget "AutoFillExtension" */ = {
			isa = XCConfigurationList;
			buildConfigurations = (
				F080826C2682376F00A5A94C /* Debug */,
				F080826D2682376F00A5A94C /* Release */,
			);
			defaultConfigurationIsVisible = 0;
			defaultConfigurationName = Release;
		};
		F0EB6A492680C963006F4101 /* Build configuration list for PBXProject "Password Manager" */ = {
			isa = XCConfigurationList;
			buildConfigurations = (
				F0EB6A602680C965006F4101 /* Debug */,
				F0EB6A612680C965006F4101 /* Release */,
			);
			defaultConfigurationIsVisible = 0;
			defaultConfigurationName = Release;
		};
		F0EB6A622680C965006F4101 /* Build configuration list for PBXNativeTarget "Password Manager" */ = {
			isa = XCConfigurationList;
			buildConfigurations = (
				F0EB6A632680C965006F4101 /* Debug */,
				F0EB6A642680C965006F4101 /* Release */,
			);
			defaultConfigurationIsVisible = 0;
			defaultConfigurationName = Release;
		};
/* End XCConfigurationList section */
	};
	rootObject = F0EB6A462680C963006F4101 /* Project object */;
}
